// !$*UTF8*$!
{
	archiveVersion = 1;
	classes = {
	};
	objectVersion = 50;
	objects = {

/* Begin PBXBuildFile section */
		1E43440F2486D2770054F1AB /* AppDelegate.swift in Sources */ = {isa = PBXBuildFile; fileRef = 1E43440E2486D2770054F1AB /* AppDelegate.swift */; };
		1E4344112486D2770054F1AB /* SceneDelegate.swift in Sources */ = {isa = PBXBuildFile; fileRef = 1E4344102486D2770054F1AB /* SceneDelegate.swift */; };
		1E4344132486D2770054F1AB /* ContentView.swift in Sources */ = {isa = PBXBuildFile; fileRef = 1E4344122486D2770054F1AB /* ContentView.swift */; };
		1E4344152486D2780054F1AB /* Assets.xcassets in Resources */ = {isa = PBXBuildFile; fileRef = 1E4344142486D2780054F1AB /* Assets.xcassets */; };
		1E4344182486D2780054F1AB /* Preview Assets.xcassets in Resources */ = {isa = PBXBuildFile; fileRef = 1E4344172486D2780054F1AB /* Preview Assets.xcassets */; };
		1E43441B2486D2780054F1AB /* LaunchScreen.storyboard in Resources */ = {isa = PBXBuildFile; fileRef = 1E4344192486D2780054F1AB /* LaunchScreen.storyboard */; };
		1E4344232486D31B0054F1AB /* drinks.json in Resources */ = {isa = PBXBuildFile; fileRef = 1E4344222486D31B0054F1AB /* drinks.json */; };
		1E4344252486D3580054F1AB /* Data.swift in Sources */ = {isa = PBXBuildFile; fileRef = 1E4344242486D3580054F1AB /* Data.swift */; };
		1E4344272486D3CB0054F1AB /* Drink.swift in Sources */ = {isa = PBXBuildFile; fileRef = 1E4344262486D3CB0054F1AB /* Drink.swift */; };
/* End PBXBuildFile section */

/* Begin PBXFileReference section */
		1E43440B2486D2770054F1AB /* CoffeeDB.app */ = {isa = PBXFileReference; explicitFileType = wrapper.application; includeInIndex = 0; path = CoffeeDB.app; sourceTree = BUILT_PRODUCTS_DIR; };
		1E43440E2486D2770054F1AB /* AppDelegate.swift */ = {isa = PBXFileReference; lastKnownFileType = sourcecode.swift; path = AppDelegate.swift; sourceTree = "<group>"; };
		1E4344102486D2770054F1AB /* SceneDelegate.swift */ = {isa = PBXFileReference; lastKnownFileType = sourcecode.swift; path = SceneDelegate.swift; sourceTree = "<group>"; };
		1E4344122486D2770054F1AB /* ContentView.swift */ = {isa = PBXFileReference; lastKnownFileType = sourcecode.swift; path = ContentView.swift; sourceTree = "<group>"; };
		1E4344142486D2780054F1AB /* Assets.xcassets */ = {isa = PBXFileReference; lastKnownFileType = folder.assetcatalog; path = Assets.xcassets; sourceTree = "<group>"; };
		1E4344172486D2780054F1AB /* Preview Assets.xcassets */ = {isa = PBXFileReference; lastKnownFileType = folder.assetcatalog; path = "Preview Assets.xcassets"; sourceTree = "<group>"; };
		1E43441A2486D2780054F1AB /* Base */ = {isa = PBXFileReference; lastKnownFileType = file.storyboard; name = Base; path = Base.lproj/LaunchScreen.storyboard; sourceTree = "<group>"; };
		1E43441C2486D2780054F1AB /* Info.plist */ = {isa = PBXFileReference; lastKnownFileType = text.plist.xml; path = Info.plist; sourceTree = "<group>"; };
		1E4344222486D31B0054F1AB /* drinks.json */ = {isa = PBXFileReference; lastKnownFileType = text.json; path = drinks.json; sourceTree = "<group>"; };
		1E4344242486D3580054F1AB /* Data.swift */ = {isa = PBXFileReference; lastKnownFileType = sourcecode.swift; path = Data.swift; sourceTree = "<group>"; };
		1E4344262486D3CB0054F1AB /* Drink.swift */ = {isa = PBXFileReference; lastKnownFileType = sourcecode.swift; path = Drink.swift; sourceTree = "<group>"; };
/* End PBXFileReference section */

/* Begin PBXFrameworksBuildPhase section */
		1E4344082486D2770054F1AB /* Frameworks */ = {
			isa = PBXFrameworksBuildPhase;
			buildActionMask = 2147483647;
			files = (
			);
			runOnlyForDeploymentPostprocessing = 0;
		};
/* End PBXFrameworksBuildPhase section */

/* Begin PBXGroup section */
		1E4344022486D2770054F1AB = {
			isa = PBXGroup;
			children = (
				1E43440D2486D2770054F1AB /* CoffeeDB */,
				1E43440C2486D2770054F1AB /* Products */,
			);
			sourceTree = "<group>";
		};
		1E43440C2486D2770054F1AB /* Products */ = {
			isa = PBXGroup;
			children = (
				1E43440B2486D2770054F1AB /* CoffeeDB.app */,
			);
			name = Products;
			sourceTree = "<group>";
		};
		1E43440D2486D2770054F1AB /* CoffeeDB */ = {
			isa = PBXGroup;
			children = (
				1E43440E2486D2770054F1AB /* AppDelegate.swift */,
				1E4344242486D3580054F1AB /* Data.swift */,
				1E4344262486D3CB0054F1AB /* Drink.swift */,
				1E4344102486D2770054F1AB /* SceneDelegate.swift */,
				1E4344122486D2770054F1AB /* ContentView.swift */,
				1E4344142486D2780054F1AB /* Assets.xcassets */,
				1E4344192486D2780054F1AB /* LaunchScreen.storyboard */,
				1E43441C2486D2780054F1AB /* Info.plist */,
				1E4344222486D31B0054F1AB /* drinks.json */,
				1E4344162486D2780054F1AB /* Preview Content */,
			);
			path = CoffeeDB;
			sourceTree = "<group>";
		};
		1E4344162486D2780054F1AB /* Preview Content */ = {
			isa = PBXGroup;
			children = (
				1E4344172486D2780054F1AB /* Preview Assets.xcassets */,
			);
			path = "Preview Content";
			sourceTree = "<group>";
		};
/* End PBXGroup section */

/* Begin PBXNativeTarget section */
		1E43440A2486D2770054F1AB /* CoffeeDB */ = {
			isa = PBXNativeTarget;
			buildConfigurationList = 1E43441F2486D2780054F1AB /* Build configuration list for PBXNativeTarget "CoffeeDB" */;
			buildPhases = (
				1E4344072486D2770054F1AB /* Sources */,
				1E4344082486D2770054F1AB /* Frameworks */,
				1E4344092486D2770054F1AB /* Resources */,
			);
			buildRules = (
			);
			dependencies = (
			);
			name = CoffeeDB;
			productName = CoffeeDB;
			productReference = 1E43440B2486D2770054F1AB /* CoffeeDB.app */;
			productType = "com.apple.product-type.application";
		};
/* End PBXNativeTarget section */

/* Begin PBXProject section */
		1E4344032486D2770054F1AB /* Project object */ = {
			isa = PBXProject;
			attributes = {
				LastSwiftUpdateCheck = 1140;
				LastUpgradeCheck = 1140;
				ORGANIZATIONNAME = "Dhruv Shah";
				TargetAttributes = {
					1E43440A2486D2770054F1AB = {
						CreatedOnToolsVersion = 11.4.1;
					};
				};
			};
			buildConfigurationList = 1E4344062486D2770054F1AB /* Build configuration list for PBXProject "CoffeeDB" */;
			compatibilityVersion = "Xcode 9.3";
			developmentRegion = en;
			hasScannedForEncodings = 0;
			knownRegions = (
				en,
				Base,
			);
			mainGroup = 1E4344022486D2770054F1AB;
			productRefGroup = 1E43440C2486D2770054F1AB /* Products */;
			projectDirPath = "";
			projectRoot = "";
			targets = (
				1E43440A2486D2770054F1AB /* CoffeeDB */,
			);
		};
/* End PBXProject section */

/* Begin PBXResourcesBuildPhase section */
		1E4344092486D2770054F1AB /* Resources */ = {
			isa = PBXResourcesBuildPhase;
			buildActionMask = 2147483647;
			files = (
				1E43441B2486D2780054F1AB /* LaunchScreen.storyboard in Resources */,
				1E4344182486D2780054F1AB /* Preview Assets.xcassets in Resources */,
				1E4344232486D31B0054F1AB /* drinks.json in Resources */,
				1E4344152486D2780054F1AB /* Assets.xcassets in Resources */,
			);
			runOnlyForDeploymentPostprocessing = 0;
		};
/* End PBXResourcesBuildPhase section */

/* Begin PBXSourcesBuildPhase section */
		1E4344072486D2770054F1AB /* Sources */ = {
			isa = PBXSourcesBuildPhase;
			buildActionMask = 2147483647;
			files = (
				1E43440F2486D2770054F1AB /* AppDelegate.swift in Sources */,
				1E4344112486D2770054F1AB /* SceneDelegate.swift in Sources */,
				1E4344132486D2770054F1AB /* ContentView.swift in Sources */,
				1E4344272486D3CB0054F1AB /* Drink.swift in Sources */,
				1E4344252486D3580054F1AB /* Data.swift in Sources */,
			);
			runOnlyForDeploymentPostprocessing = 0;
		};
/* End PBXSourcesBuildPhase section */

/* Begin PBXVariantGroup section */
		1E4344192486D2780054F1AB /* LaunchScreen.storyboard */ = {
			isa = PBXVariantGroup;
			children = (
				1E43441A2486D2780054F1AB /* Base */,
			);
			name = LaunchScreen.storyboard;
			sourceTree = "<group>";
		};
/* End PBXVariantGroup section */

/* Begin XCBuildConfiguration section */
		1E43441D2486D2780054F1AB /* Debug */ = {
			isa = XCBuildConfiguration;
			buildSettings = {
				ALWAYS_SEARCH_USER_PATHS = NO;
				CLANG_ANALYZER_NONNULL = YES;
				CLANG_ANALYZER_NUMBER_OBJECT_CONVERSION = YES_AGGRESSIVE;
				CLANG_CXX_LANGUAGE_STANDARD = "gnu++14";
				CLANG_CXX_LIBRARY = "libc++";
				CLANG_ENABLE_MODULES = YES;
				CLANG_ENABLE_OBJC_ARC = YES;
				CLANG_ENABLE_OBJC_WEAK = YES;
				CLANG_WARN_BLOCK_CAPTURE_AUTORELEASING = YES;
				CLANG_WARN_BOOL_CONVERSION = YES;
				CLANG_WARN_COMMA = YES;
				CLANG_WARN_CONSTANT_CONVERSION = YES;
				CLANG_WARN_DEPRECATED_OBJC_IMPLEMENTATIONS = YES;
				CLANG_WARN_DIRECT_OBJC_ISA_USAGE = YES_ERROR;
				CLANG_WARN_DOCUMENTATION_COMMENTS = YES;
				CLANG_WARN_EMPTY_BODY = YES;
				CLANG_WARN_ENUM_CONVERSION = YES;
				CLANG_WARN_INFINITE_RECURSION = YES;
				CLANG_WARN_INT_CONVERSION = YES;
				CLANG_WARN_NON_LITERAL_NULL_CONVERSION = YES;
				CLANG_WARN_OBJC_IMPLICIT_RETAIN_SELF = YES;
				CLANG_WARN_OBJC_LITERAL_CONVERSION = YES;
				CLANG_WARN_OBJC_ROOT_CLASS = YES_ERROR;
				CLANG_WARN_RANGE_LOOP_ANALYSIS = YES;
				CLANG_WARN_STRICT_PROTOTYPES = YES;
				CLANG_WARN_SUSPICIOUS_MOVE = YES;
				CLANG_WARN_UNGUARDED_AVAILABILITY = YES_AGGRESSIVE;
				CLANG_WARN_UNREACHABLE_CODE = YES;
				CLANG_WARN__DUPLICATE_METHOD_MATCH = YES;
				COPY_PHASE_STRIP = NO;
				DEBUG_INFORMATION_FORMAT = dwarf;
				ENABLE_STRICT_OBJC_MSGSEND = YES;
				ENABLE_TESTABILITY = YES;
				GCC_C_LANGUAGE_STANDARD = gnu11;
				GCC_DYNAMIC_NO_PIC = NO;
				GCC_NO_COMMON_BLOCKS = YES;
				GCC_OPTIMIZATION_LEVEL = 0;
				GCC_PREPROCESSOR_DEFINITIONS = (
					"DEBUG=1",
					"$(inherited)",
				);
				GCC_WARN_64_TO_32_BIT_CONVERSION = YES;
				GCC_WARN_ABOUT_RETURN_TYPE = YES_ERROR;
				GCC_WARN_UNDECLARED_SELECTOR = YES;
				GCC_WARN_UNINITIALIZED_AUTOS = YES_AGGRESSIVE;
				GCC_WARN_UNUSED_FUNCTION = YES;
				GCC_WARN_UNUSED_VARIABLE = YES;
				IPHONEOS_DEPLOYMENT_TARGET = 13.4;
				MTL_ENABLE_DEBUG_INFO = INCLUDE_SOURCE;
				MTL_FAST_MATH = YES;
				ONLY_ACTIVE_ARCH = YES;
				SDKROOT = iphoneos;
				SWIFT_ACTIVE_COMPILATION_CONDITIONS = DEBUG;
				SWIFT_OPTIMIZATION_LEVEL = "-Onone";
			};
			name = Debug;
		};
		1E43441E2486D2780054F1AB /* Release */ = {
			isa = XCBuildConfiguration;
			buildSettings = {
				ALWAYS_SEARCH_USER_PATHS = NO;
				CLANG_ANALYZER_NONNULL = YES;
				CLANG_ANALYZER_NUMBER_OBJECT_CONVERSION = YES_AGGRESSIVE;
				CLANG_CXX_LANGUAGE_STANDARD = "gnu++14";
				CLANG_CXX_LIBRARY = "libc++";
				CLANG_ENABLE_MODULES = YES;
				CLANG_ENABLE_OBJC_ARC = YES;
				CLANG_ENABLE_OBJC_WEAK = YES;
				CLANG_WARN_BLOCK_CAPTURE_AUTORELEASING = YES;
				CLANG_WARN_BOOL_CONVERSION = YES;
				CLANG_WARN_COMMA = YES;
				CLANG_WARN_CONSTANT_CONVERSION = YES;
				CLANG_WARN_DEPRECATED_OBJC_IMPLEMENTATIONS = YES;
				CLANG_WARN_DIRECT_OBJC_ISA_USAGE = YES_ERROR;
				CLANG_WARN_DOCUMENTATION_COMMENTS = YES;
				CLANG_WARN_EMPTY_BODY = YES;
				CLANG_WARN_ENUM_CONVERSION = YES;
				CLANG_WARN_INFINITE_RECURSION = YES;
				CLANG_WARN_INT_CONVERSION = YES;
				CLANG_WARN_NON_LITERAL_NULL_CONVERSION = YES;
				CLANG_WARN_OBJC_IMPLICIT_RETAIN_SELF = YES;
				CLANG_WARN_OBJC_LITERAL_CONVERSION = YES;
				CLANG_WARN_OBJC_ROOT_CLASS = YES_ERROR;
				CLANG_WARN_RANGE_LOOP_ANALYSIS = YES;
				CLANG_WARN_STRICT_PROTOTYPES = YES;
				CLANG_WARN_SUSPICIOUS_MOVE = YES;
				CLANG_WARN_UNGUARDED_AVAILABILITY = YES_AGGRESSIVE;
				CLANG_WARN_UNREACHABLE_CODE = YES;
				CLANG_WARN__DUPLICATE_METHOD_MATCH = YES;
				COPY_PHASE_STRIP = NO;
				DEBUG_INFORMATION_FORMAT = "dwarf-with-dsym";
				ENABLE_NS_ASSERTIONS = NO;
				ENABLE_STRICT_OBJC_MSGSEND = YES;
				GCC_C_LANGUAGE_STANDARD = gnu11;
				GCC_NO_COMMON_BLOCKS = YES;
				GCC_WARN_64_TO_32_BIT_CONVERSION = YES;
				GCC_WARN_ABOUT_RETURN_TYPE = YES_ERROR;
				GCC_WARN_UNDECLARED_SELECTOR = YES;
				GCC_WARN_UNINITIALIZED_AUTOS = YES_AGGRESSIVE;
				GCC_WARN_UNUSED_FUNCTION = YES;
				GCC_WARN_UNUSED_VARIABLE = YES;
				IPHONEOS_DEPLOYMENT_TARGET = 13.4;
				MTL_ENABLE_DEBUG_INFO = NO;
				MTL_FAST_MATH = YES;
				SDKROOT = iphoneos;
				SWIFT_COMPILATION_MODE = wholemodule;
				SWIFT_OPTIMIZATION_LEVEL = "-O";
				VALIDATE_PRODUCT = YES;
			};
			name = Release;
		};
		1E4344202486D2780054F1AB /* Debug */ = {
			isa = XCBuildConfiguration;
			buildSettings = {
				ASSETCATALOG_COMPILER_APPICON_NAME = AppIcon;
				CODE_SIGN_STYLE = Automatic;
				DEVELOPMENT_ASSET_PATHS = "\"CoffeeDB/Preview Content\"";
				DEVELOPMENT_TEAM = WN69BMQXZR;
				ENABLE_PREVIEWS = YES;
				INFOPLIST_FILE = CoffeeDB/Info.plist;
				LD_RUNPATH_SEARCH_PATHS = (
					"$(inherited)",
					"@executable_path/Frameworks",
				);
				PRODUCT_BUNDLE_IDENTIFIER = tech.dhruvshah.CoffeeDB;
				PRODUCT_NAME = "$(TARGET_NAME)";
				SWIFT_VERSION = 5.0;
				TARGETED_DEVICE_FAMILY = "1,2";
			};
			name = Debug;
		};
		1E4344212486D2780054F1AB /* Release */ = {
			isa = XCBuildConfiguration;
			buildSettings = {
				ASSETCATALOG_COMPILER_APPICON_NAME = AppIcon;
				CODE_SIGN_STYLE = Automatic;
				DEVELOPMENT_ASSET_PATHS = "\"CoffeeDB/Preview Content\"";
				DEVELOPMENT_TEAM = WN69BMQXZR;
				ENABLE_PREVIEWS = YES;
				INFOPLIST_FILE = CoffeeDB/Info.plist;
				LD_RUNPATH_SEARCH_PATHS = (
					"$(inherited)",
					"@executable_path/Frameworks",
				);
				PRODUCT_BUNDLE_IDENTIFIER = tech.dhruvshah.CoffeeDB;
				PRODUCT_NAME = "$(TARGET_NAME)";
				SWIFT_VERSION = 5.0;
				TARGETED_DEVICE_FAMILY = "1,2";
			};
			name = Release;
		};
/* End XCBuildConfiguration section */

/* Begin XCConfigurationList section */
		1E4344062486D2770054F1AB /* Build configuration list for PBXProject "CoffeeDB" */ = {
			isa = XCConfigurationList;
			buildConfigurations = (
				1E43441D2486D2780054F1AB /* Debug */,
				1E43441E2486D2780054F1AB /* Release */,
			);
			defaultConfigurationIsVisible = 0;
			defaultConfigurationName = Release;
		};
		1E43441F2486D2780054F1AB /* Build configuration list for PBXNativeTarget "CoffeeDB" */ = {
			isa = XCConfigurationList;
			buildConfigurations = (
				1E4344202486D2780054F1AB /* Debug */,
				1E4344212486D2780054F1AB /* Release */,
			);
			defaultConfigurationIsVisible = 0;
			defaultConfigurationName = Release;
		};
/* End XCConfigurationList section */
	};
	rootObject = 1E4344032486D2770054F1AB /* Project object */;
}
